// !$*UTF8*$!
{
	archiveVersion = 1;
	classes = {
	};
	objectVersion = 55;
	objects = {

/* Begin PBXBuildFile section */
		15EE301EDA4A5CE20E058902 /* Pods_ExamenJD.framework in Frameworks */ = {isa = PBXBuildFile; fileRef = 53524C15E36C756A7C9DC08B /* Pods_ExamenJD.framework */; };
		BD30E37B281C82300068BA4A /* GraphicsViewController.swift in Sources */ = {isa = PBXBuildFile; fileRef = BD30E37A281C82300068BA4A /* GraphicsViewController.swift */; };
		BD30E37D281C8A6D0068BA4A /* PhotoViewController.swift in Sources */ = {isa = PBXBuildFile; fileRef = BD30E37C281C8A6D0068BA4A /* PhotoViewController.swift */; };
		BD30E381281C94890068BA4A /* GraphicTableViewCell.swift in Sources */ = {isa = PBXBuildFile; fileRef = BD30E37F281C94890068BA4A /* GraphicTableViewCell.swift */; };
		BD30E382281C94890068BA4A /* GraphicTableViewCell.xib in Resources */ = {isa = PBXBuildFile; fileRef = BD30E380281C94890068BA4A /* GraphicTableViewCell.xib */; };
		BD49AEEB281C60BF00C74CBE /* Protocols.swift in Sources */ = {isa = PBXBuildFile; fileRef = BD49AEEA281C60BF00C74CBE /* Protocols.swift */; };
		BD49AEED281C635D00C74CBE /* UserData.swift in Sources */ = {isa = PBXBuildFile; fileRef = BD49AEEC281C635D00C74CBE /* UserData.swift */; };
		BD49AEF0281C7AA700C74CBE /* Extensions.swift in Sources */ = {isa = PBXBuildFile; fileRef = BD49AEEF281C7AA700C74CBE /* Extensions.swift */; };
		BD4A0AFF281B12920020BE66 /* AppDelegate.swift in Sources */ = {isa = PBXBuildFile; fileRef = BD4A0AFE281B12920020BE66 /* AppDelegate.swift */; };
		BD4A0B01281B12920020BE66 /* SceneDelegate.swift in Sources */ = {isa = PBXBuildFile; fileRef = BD4A0B00281B12920020BE66 /* SceneDelegate.swift */; };
		BD4A0B03281B12920020BE66 /* ViewController.swift in Sources */ = {isa = PBXBuildFile; fileRef = BD4A0B02281B12920020BE66 /* ViewController.swift */; };
		BD4A0B06281B12920020BE66 /* Main.storyboard in Resources */ = {isa = PBXBuildFile; fileRef = BD4A0B04281B12920020BE66 /* Main.storyboard */; };
		BD4A0B08281B12950020BE66 /* Assets.xcassets in Resources */ = {isa = PBXBuildFile; fileRef = BD4A0B07281B12950020BE66 /* Assets.xcassets */; };
		BD4A0B0B281B12950020BE66 /* LaunchScreen.storyboard in Resources */ = {isa = PBXBuildFile; fileRef = BD4A0B09281B12950020BE66 /* LaunchScreen.storyboard */; };
		BD4A0B16281B12950020BE66 /* ExamenJDTests.swift in Sources */ = {isa = PBXBuildFile; fileRef = BD4A0B15281B12950020BE66 /* ExamenJDTests.swift */; };
		BD4A0B20281B12950020BE66 /* ExamenJDUITests.swift in Sources */ = {isa = PBXBuildFile; fileRef = BD4A0B1F281B12950020BE66 /* ExamenJDUITests.swift */; };
		BD4A0B22281B12950020BE66 /* ExamenJDUITestsLaunchTests.swift in Sources */ = {isa = PBXBuildFile; fileRef = BD4A0B21281B12950020BE66 /* ExamenJDUITestsLaunchTests.swift */; };
		BD4A0B2F281B187A0020BE66 /* AppStoryboard.swift in Sources */ = {isa = PBXBuildFile; fileRef = BD4A0B2E281B187A0020BE66 /* AppStoryboard.swift */; };
		BD4A0B31281B18E00020BE66 /* Home.storyboard in Resources */ = {isa = PBXBuildFile; fileRef = BD4A0B30281B18E00020BE66 /* Home.storyboard */; };
		BD4A0B33281B19160020BE66 /* HomeViewController.swift in Sources */ = {isa = PBXBuildFile; fileRef = BD4A0B32281B19160020BE66 /* HomeViewController.swift */; };
		BD4A0B3D281B2C260020BE66 /* HomeBR.swift in Sources */ = {isa = PBXBuildFile; fileRef = BD4A0B3C281B2C250020BE66 /* HomeBR.swift */; };
		BD4A0B3F281B2CEC0020BE66 /* MenuOptions.swift in Sources */ = {isa = PBXBuildFile; fileRef = BD4A0B3E281B2CEC0020BE66 /* MenuOptions.swift */; };
		BD4A0B41281B2FCD0020BE66 /* Enums.swift in Sources */ = {isa = PBXBuildFile; fileRef = BD4A0B40281B2FCB0020BE66 /* Enums.swift */; };
		BD4A0B44281B3B7B0020BE66 /* SettingTableViewCell.swift in Sources */ = {isa = PBXBuildFile; fileRef = BD4A0B43281B3B7B0020BE66 /* SettingTableViewCell.swift */; };
		BD4A0B46281C41BF0020BE66 /* SettingSwitchTableViewCell.swift in Sources */ = {isa = PBXBuildFile; fileRef = BD4A0B45281C41BF0020BE66 /* SettingSwitchTableViewCell.swift */; };
		BD4A0B4B281C51490020BE66 /* SettingInputTableViewCell.swift in Sources */ = {isa = PBXBuildFile; fileRef = BD4A0B49281C51480020BE66 /* SettingInputTableViewCell.swift */; };
		FA5ECB897367060B514539AE /* Pods_ExamenJD_ExamenJDUITests.framework in Frameworks */ = {isa = PBXBuildFile; fileRef = 9FD6FBCC4669D6D1739C6900 /* Pods_ExamenJD_ExamenJDUITests.framework */; };
		FE2A90AF61108673586A2E24 /* Pods_ExamenJDTests.framework in Frameworks */ = {isa = PBXBuildFile; fileRef = 79D42444650212F13CDAB5BE /* Pods_ExamenJDTests.framework */; };
/* End PBXBuildFile section */

/* Begin PBXContainerItemProxy section */
		BD4A0B12281B12950020BE66 /* PBXContainerItemProxy */ = {
			isa = PBXContainerItemProxy;
			containerPortal = BD4A0AF3281B12910020BE66 /* Project object */;
			proxyType = 1;
			remoteGlobalIDString = BD4A0AFA281B12920020BE66;
			remoteInfo = ExamenJD;
		};
		BD4A0B1C281B12950020BE66 /* PBXContainerItemProxy */ = {
			isa = PBXContainerItemProxy;
			containerPortal = BD4A0AF3281B12910020BE66 /* Project object */;
			proxyType = 1;
			remoteGlobalIDString = BD4A0AFA281B12920020BE66;
			remoteInfo = ExamenJD;
		};
/* End PBXContainerItemProxy section */

/* Begin PBXFileReference section */
		1A03310AD3079648F5AF3D53 /* Pods-ExamenJD-ExamenJDUITests.release.xcconfig */ = {isa = PBXFileReference; includeInIndex = 1; lastKnownFileType = text.xcconfig; name = "Pods-ExamenJD-ExamenJDUITests.release.xcconfig"; path = "Target Support Files/Pods-ExamenJD-ExamenJDUITests/Pods-ExamenJD-ExamenJDUITests.release.xcconfig"; sourceTree = "<group>"; };
		3E0FD24E9C4AD01B78023E8B /* Pods-ExamenJD-ExamenJDUITests.debug.xcconfig */ = {isa = PBXFileReference; includeInIndex = 1; lastKnownFileType = text.xcconfig; name = "Pods-ExamenJD-ExamenJDUITests.debug.xcconfig"; path = "Target Support Files/Pods-ExamenJD-ExamenJDUITests/Pods-ExamenJD-ExamenJDUITests.debug.xcconfig"; sourceTree = "<group>"; };
		53524C15E36C756A7C9DC08B /* Pods_ExamenJD.framework */ = {isa = PBXFileReference; explicitFileType = wrapper.framework; includeInIndex = 0; path = Pods_ExamenJD.framework; sourceTree = BUILT_PRODUCTS_DIR; };
		5BDAC499DF66AF14CD5E26F1 /* Pods-ExamenJD.release.xcconfig */ = {isa = PBXFileReference; includeInIndex = 1; lastKnownFileType = text.xcconfig; name = "Pods-ExamenJD.release.xcconfig"; path = "Target Support Files/Pods-ExamenJD/Pods-ExamenJD.release.xcconfig"; sourceTree = "<group>"; };
		79D42444650212F13CDAB5BE /* Pods_ExamenJDTests.framework */ = {isa = PBXFileReference; explicitFileType = wrapper.framework; includeInIndex = 0; path = Pods_ExamenJDTests.framework; sourceTree = BUILT_PRODUCTS_DIR; };
		9FD6FBCC4669D6D1739C6900 /* Pods_ExamenJD_ExamenJDUITests.framework */ = {isa = PBXFileReference; explicitFileType = wrapper.framework; includeInIndex = 0; path = Pods_ExamenJD_ExamenJDUITests.framework; sourceTree = BUILT_PRODUCTS_DIR; };
		A09A8DBCCC730EC961CBC8ED /* Pods-ExamenJD.debug.xcconfig */ = {isa = PBXFileReference; includeInIndex = 1; lastKnownFileType = text.xcconfig; name = "Pods-ExamenJD.debug.xcconfig"; path = "Target Support Files/Pods-ExamenJD/Pods-ExamenJD.debug.xcconfig"; sourceTree = "<group>"; };
		A7B87E80780FCF7ADACF2035 /* Pods-ExamenJDTests.release.xcconfig */ = {isa = PBXFileReference; includeInIndex = 1; lastKnownFileType = text.xcconfig; name = "Pods-ExamenJDTests.release.xcconfig"; path = "Target Support Files/Pods-ExamenJDTests/Pods-ExamenJDTests.release.xcconfig"; sourceTree = "<group>"; };
		BD30E37A281C82300068BA4A /* GraphicsViewController.swift */ = {isa = PBXFileReference; lastKnownFileType = sourcecode.swift; path = GraphicsViewController.swift; sourceTree = "<group>"; };
		BD30E37C281C8A6D0068BA4A /* PhotoViewController.swift */ = {isa = PBXFileReference; lastKnownFileType = sourcecode.swift; path = PhotoViewController.swift; sourceTree = "<group>"; };
		BD30E37F281C94890068BA4A /* GraphicTableViewCell.swift */ = {isa = PBXFileReference; lastKnownFileType = sourcecode.swift; path = GraphicTableViewCell.swift; sourceTree = "<group>"; };
		BD30E380281C94890068BA4A /* GraphicTableViewCell.xib */ = {isa = PBXFileReference; lastKnownFileType = file.xib; path = GraphicTableViewCell.xib; sourceTree = "<group>"; };
		BD49AEEA281C60BF00C74CBE /* Protocols.swift */ = {isa = PBXFileReference; lastKnownFileType = sourcecode.swift; path = Protocols.swift; sourceTree = "<group>"; };
		BD49AEEC281C635D00C74CBE /* UserData.swift */ = {isa = PBXFileReference; lastKnownFileType = sourcecode.swift; path = UserData.swift; sourceTree = "<group>"; };
		BD49AEEF281C7AA700C74CBE /* Extensions.swift */ = {isa = PBXFileReference; lastKnownFileType = sourcecode.swift; path = Extensions.swift; sourceTree = "<group>"; };
		BD4A0AFB281B12920020BE66 /* ExamenJD.app */ = {isa = PBXFileReference; explicitFileType = wrapper.application; includeInIndex = 0; path = ExamenJD.app; sourceTree = BUILT_PRODUCTS_DIR; };
		BD4A0AFE281B12920020BE66 /* AppDelegate.swift */ = {isa = PBXFileReference; lastKnownFileType = sourcecode.swift; path = AppDelegate.swift; sourceTree = "<group>"; };
		BD4A0B00281B12920020BE66 /* SceneDelegate.swift */ = {isa = PBXFileReference; lastKnownFileType = sourcecode.swift; path = SceneDelegate.swift; sourceTree = "<group>"; };
		BD4A0B02281B12920020BE66 /* ViewController.swift */ = {isa = PBXFileReference; lastKnownFileType = sourcecode.swift; path = ViewController.swift; sourceTree = "<group>"; };
		BD4A0B05281B12920020BE66 /* Base */ = {isa = PBXFileReference; lastKnownFileType = file.storyboard; name = Base; path = Base.lproj/Main.storyboard; sourceTree = "<group>"; };
		BD4A0B07281B12950020BE66 /* Assets.xcassets */ = {isa = PBXFileReference; lastKnownFileType = folder.assetcatalog; path = Assets.xcassets; sourceTree = "<group>"; };
		BD4A0B0A281B12950020BE66 /* Base */ = {isa = PBXFileReference; lastKnownFileType = file.storyboard; name = Base; path = Base.lproj/LaunchScreen.storyboard; sourceTree = "<group>"; };
		BD4A0B0C281B12950020BE66 /* Info.plist */ = {isa = PBXFileReference; lastKnownFileType = text.plist.xml; path = Info.plist; sourceTree = "<group>"; };
		BD4A0B11281B12950020BE66 /* ExamenJDTests.xctest */ = {isa = PBXFileReference; explicitFileType = wrapper.cfbundle; includeInIndex = 0; path = ExamenJDTests.xctest; sourceTree = BUILT_PRODUCTS_DIR; };
		BD4A0B15281B12950020BE66 /* ExamenJDTests.swift */ = {isa = PBXFileReference; lastKnownFileType = sourcecode.swift; path = ExamenJDTests.swift; sourceTree = "<group>"; };
		BD4A0B1B281B12950020BE66 /* ExamenJDUITests.xctest */ = {isa = PBXFileReference; explicitFileType = wrapper.cfbundle; includeInIndex = 0; path = ExamenJDUITests.xctest; sourceTree = BUILT_PRODUCTS_DIR; };
		BD4A0B1F281B12950020BE66 /* ExamenJDUITests.swift */ = {isa = PBXFileReference; lastKnownFileType = sourcecode.swift; path = ExamenJDUITests.swift; sourceTree = "<group>"; };
		BD4A0B21281B12950020BE66 /* ExamenJDUITestsLaunchTests.swift */ = {isa = PBXFileReference; lastKnownFileType = sourcecode.swift; path = ExamenJDUITestsLaunchTests.swift; sourceTree = "<group>"; };
		BD4A0B2E281B187A0020BE66 /* AppStoryboard.swift */ = {isa = PBXFileReference; lastKnownFileType = sourcecode.swift; path = AppStoryboard.swift; sourceTree = "<group>"; };
		BD4A0B30281B18E00020BE66 /* Home.storyboard */ = {isa = PBXFileReference; lastKnownFileType = file.storyboard; path = Home.storyboard; sourceTree = "<group>"; };
		BD4A0B32281B19160020BE66 /* HomeViewController.swift */ = {isa = PBXFileReference; lastKnownFileType = sourcecode.swift; path = HomeViewController.swift; sourceTree = "<group>"; };
		BD4A0B3C281B2C250020BE66 /* HomeBR.swift */ = {isa = PBXFileReference; lastKnownFileType = sourcecode.swift; path = HomeBR.swift; sourceTree = "<group>"; };
		BD4A0B3E281B2CEC0020BE66 /* MenuOptions.swift */ = {isa = PBXFileReference; lastKnownFileType = sourcecode.swift; path = MenuOptions.swift; sourceTree = "<group>"; };
		BD4A0B40281B2FCB0020BE66 /* Enums.swift */ = {isa = PBXFileReference; lastKnownFileType = sourcecode.swift; path = Enums.swift; sourceTree = "<group>"; };
		BD4A0B43281B3B7B0020BE66 /* SettingTableViewCell.swift */ = {isa = PBXFileReference; lastKnownFileType = sourcecode.swift; path = SettingTableViewCell.swift; sourceTree = "<group>"; };
		BD4A0B45281C41BF0020BE66 /* SettingSwitchTableViewCell.swift */ = {isa = PBXFileReference; lastKnownFileType = sourcecode.swift; path = SettingSwitchTableViewCell.swift; sourceTree = "<group>"; };
		BD4A0B49281C51480020BE66 /* SettingInputTableViewCell.swift */ = {isa = PBXFileReference; lastKnownFileType = sourcecode.swift; path = SettingInputTableViewCell.swift; sourceTree = "<group>"; };
		D980874FFA4DC3DCFF721970 /* Pods-ExamenJDTests.debug.xcconfig */ = {isa = PBXFileReference; includeInIndex = 1; lastKnownFileType = text.xcconfig; name = "Pods-ExamenJDTests.debug.xcconfig"; path = "Target Support Files/Pods-ExamenJDTests/Pods-ExamenJDTests.debug.xcconfig"; sourceTree = "<group>"; };
/* End PBXFileReference section */

/* Begin PBXFrameworksBuildPhase section */
		BD4A0AF8281B12920020BE66 /* Frameworks */ = {
			isa = PBXFrameworksBuildPhase;
			buildActionMask = 2147483647;
			files = (
				15EE301EDA4A5CE20E058902 /* Pods_ExamenJD.framework in Frameworks */,
			);
			runOnlyForDeploymentPostprocessing = 0;
		};
		BD4A0B0E281B12950020BE66 /* Frameworks */ = {
			isa = PBXFrameworksBuildPhase;
			buildActionMask = 2147483647;
			files = (
				FE2A90AF61108673586A2E24 /* Pods_ExamenJDTests.framework in Frameworks */,
			);
			runOnlyForDeploymentPostprocessing = 0;
		};
		BD4A0B18281B12950020BE66 /* Frameworks */ = {
			isa = PBXFrameworksBuildPhase;
			buildActionMask = 2147483647;
			files = (
				FA5ECB897367060B514539AE /* Pods_ExamenJD_ExamenJDUITests.framework in Frameworks */,
			);
			runOnlyForDeploymentPostprocessing = 0;
		};
/* End PBXFrameworksBuildPhase section */

/* Begin PBXGroup section */
		B5E04B5066D2309E40C144C0 /* Frameworks */ = {
			isa = PBXGroup;
			children = (
				53524C15E36C756A7C9DC08B /* Pods_ExamenJD.framework */,
				9FD6FBCC4669D6D1739C6900 /* Pods_ExamenJD_ExamenJDUITests.framework */,
				79D42444650212F13CDAB5BE /* Pods_ExamenJDTests.framework */,
			);
			name = Frameworks;
			sourceTree = "<group>";
		};
		BD30E37E281C945B0068BA4A /* Cell */ = {
			isa = PBXGroup;
			children = (
				BD30E380281C94890068BA4A /* GraphicTableViewCell.xib */,
			);
			path = Cell;
			sourceTree = "<group>";
		};
		BD49AEEE281C7A9500C74CBE /* Utilities */ = {
			isa = PBXGroup;
			children = (
				BD49AEEF281C7AA700C74CBE /* Extensions.swift */,
				BD49AEEA281C60BF00C74CBE /* Protocols.swift */,
			);
			path = Utilities;
			sourceTree = "<group>";
		};
		BD4A0AF2281B12910020BE66 = {
			isa = PBXGroup;
			children = (
				BD4A0AFD281B12920020BE66 /* ExamenJD */,
				BD4A0B14281B12950020BE66 /* ExamenJDTests */,
				BD4A0B1E281B12950020BE66 /* ExamenJDUITests */,
				BD4A0AFC281B12920020BE66 /* Products */,
				CB914F4242985A92538ACE79 /* Pods */,
				B5E04B5066D2309E40C144C0 /* Frameworks */,
			);
			sourceTree = "<group>";
		};
		BD4A0AFC281B12920020BE66 /* Products */ = {
			isa = PBXGroup;
			children = (
				BD4A0AFB281B12920020BE66 /* ExamenJD.app */,
				BD4A0B11281B12950020BE66 /* ExamenJDTests.xctest */,
				BD4A0B1B281B12950020BE66 /* ExamenJDUITests.xctest */,
			);
			name = Products;
			sourceTree = "<group>";
		};
		BD4A0AFD281B12920020BE66 /* ExamenJD */ = {
			isa = PBXGroup;
			children = (
				BD4A0B3B281B2B860020BE66 /* Support Files */,
				BD4A0B34281B29DE0020BE66 /* Home */,
				BD4A0B39281B2A380020BE66 /* ExternalDataManager */,
				BD4A0B3A281B2A7B0020BE66 /* BussinesRules */,
				BD4A0AFE281B12920020BE66 /* AppDelegate.swift */,
				BD4A0B00281B12920020BE66 /* SceneDelegate.swift */,
				BD4A0B09281B12950020BE66 /* LaunchScreen.storyboard */,
				BD4A0B0C281B12950020BE66 /* Info.plist */,
			);
			path = ExamenJD;
			sourceTree = "<group>";
		};
		BD4A0B14281B12950020BE66 /* ExamenJDTests */ = {
			isa = PBXGroup;
			children = (
				BD4A0B15281B12950020BE66 /* ExamenJDTests.swift */,
			);
			path = ExamenJDTests;
			sourceTree = "<group>";
		};
		BD4A0B1E281B12950020BE66 /* ExamenJDUITests */ = {
			isa = PBXGroup;
			children = (
				BD4A0B1F281B12950020BE66 /* ExamenJDUITests.swift */,
				BD4A0B21281B12950020BE66 /* ExamenJDUITestsLaunchTests.swift */,
			);
			path = ExamenJDUITests;
			sourceTree = "<group>";
		};
		BD4A0B34281B29DE0020BE66 /* Home */ = {
			isa = PBXGroup;
			children = (
				BD49AEEE281C7A9500C74CBE /* Utilities */,
				BD4A0B35281B29F40020BE66 /* Model */,
				BD4A0B37281B2A0C0020BE66 /* View */,
				BD4A0B38281B2A1E0020BE66 /* Controller */,
			);
			path = Home;
			sourceTree = "<group>";
		};
		BD4A0B35281B29F40020BE66 /* Model */ = {
			isa = PBXGroup;
			children = (
				BD4A0B3E281B2CEC0020BE66 /* MenuOptions.swift */,
				BD49AEEC281C635D00C74CBE /* UserData.swift */,
			);
			path = Model;
			sourceTree = "<group>";
		};
		BD4A0B37281B2A0C0020BE66 /* View */ = {
			isa = PBXGroup;
			children = (
				BD30E37E281C945B0068BA4A /* Cell */,
				BD4A0B04281B12920020BE66 /* Main.storyboard */,
				BD4A0B30281B18E00020BE66 /* Home.storyboard */,
			);
			path = View;
			sourceTree = "<group>";
		};
		BD4A0B38281B2A1E0020BE66 /* Controller */ = {
			isa = PBXGroup;
			children = (
				BD4A0B42281B3B2F0020BE66 /* Cell */,
				BD4A0B02281B12920020BE66 /* ViewController.swift */,
				BD4A0B32281B19160020BE66 /* HomeViewController.swift */,
				BD30E37A281C82300068BA4A /* GraphicsViewController.swift */,
				BD30E37C281C8A6D0068BA4A /* PhotoViewController.swift */,
			);
			path = Controller;
			sourceTree = "<group>";
		};
		BD4A0B39281B2A380020BE66 /* ExternalDataManager */ = {
			isa = PBXGroup;
			children = (
			);
			path = ExternalDataManager;
			sourceTree = "<group>";
		};
		BD4A0B3A281B2A7B0020BE66 /* BussinesRules */ = {
			isa = PBXGroup;
			children = (
				BD4A0B3C281B2C250020BE66 /* HomeBR.swift */,
			);
			path = BussinesRules;
			sourceTree = "<group>";
		};
		BD4A0B3B281B2B860020BE66 /* Support Files */ = {
			isa = PBXGroup;
			children = (
				BD4A0B2E281B187A0020BE66 /* AppStoryboard.swift */,
				BD4A0B07281B12950020BE66 /* Assets.xcassets */,
				BD4A0B40281B2FCB0020BE66 /* Enums.swift */,
			);
			path = "Support Files";
			sourceTree = "<group>";
		};
		BD4A0B42281B3B2F0020BE66 /* Cell */ = {
			isa = PBXGroup;
			children = (
				BD30E37F281C94890068BA4A /* GraphicTableViewCell.swift */,
				BD4A0B43281B3B7B0020BE66 /* SettingTableViewCell.swift */,
				BD4A0B45281C41BF0020BE66 /* SettingSwitchTableViewCell.swift */,
				BD4A0B49281C51480020BE66 /* SettingInputTableViewCell.swift */,
			);
			path = Cell;
			sourceTree = "<group>";
		};
		CB914F4242985A92538ACE79 /* Pods */ = {
			isa = PBXGroup;
			children = (
				A09A8DBCCC730EC961CBC8ED /* Pods-ExamenJD.debug.xcconfig */,
				5BDAC499DF66AF14CD5E26F1 /* Pods-ExamenJD.release.xcconfig */,
				3E0FD24E9C4AD01B78023E8B /* Pods-ExamenJD-ExamenJDUITests.debug.xcconfig */,
				1A03310AD3079648F5AF3D53 /* Pods-ExamenJD-ExamenJDUITests.release.xcconfig */,
				D980874FFA4DC3DCFF721970 /* Pods-ExamenJDTests.debug.xcconfig */,
				A7B87E80780FCF7ADACF2035 /* Pods-ExamenJDTests.release.xcconfig */,
			);
			name = Pods;
			path = Pods;
			sourceTree = "<group>";
		};
/* End PBXGroup section */

/* Begin PBXNativeTarget section */
		BD4A0AFA281B12920020BE66 /* ExamenJD */ = {
			isa = PBXNativeTarget;
			buildConfigurationList = BD4A0B25281B12950020BE66 /* Build configuration list for PBXNativeTarget "ExamenJD" */;
			buildPhases = (
				23E2E0979F11496A59DA3984 /* [CP] Check Pods Manifest.lock */,
				BD4A0AF7281B12920020BE66 /* Sources */,
				BD4A0AF8281B12920020BE66 /* Frameworks */,
				BD4A0AF9281B12920020BE66 /* Resources */,
				8237011EDCE0783C4F400D7B /* [CP] Embed Pods Frameworks */,
			);
			buildRules = (
			);
			dependencies = (
			);
			name = ExamenJD;
			productName = ExamenJD;
			productReference = BD4A0AFB281B12920020BE66 /* ExamenJD.app */;
			productType = "com.apple.product-type.application";
		};
		BD4A0B10281B12950020BE66 /* ExamenJDTests */ = {
			isa = PBXNativeTarget;
			buildConfigurationList = BD4A0B28281B12950020BE66 /* Build configuration list for PBXNativeTarget "ExamenJDTests" */;
			buildPhases = (
				C07538C3D3F3C35A1C0B7C02 /* [CP] Check Pods Manifest.lock */,
				BD4A0B0D281B12950020BE66 /* Sources */,
				BD4A0B0E281B12950020BE66 /* Frameworks */,
				BD4A0B0F281B12950020BE66 /* Resources */,
			);
			buildRules = (
			);
			dependencies = (
				BD4A0B13281B12950020BE66 /* PBXTargetDependency */,
			);
			name = ExamenJDTests;
			productName = ExamenJDTests;
			productReference = BD4A0B11281B12950020BE66 /* ExamenJDTests.xctest */;
			productType = "com.apple.product-type.bundle.unit-test";
		};
		BD4A0B1A281B12950020BE66 /* ExamenJDUITests */ = {
			isa = PBXNativeTarget;
			buildConfigurationList = BD4A0B2B281B12950020BE66 /* Build configuration list for PBXNativeTarget "ExamenJDUITests" */;
			buildPhases = (
				29C794F20EBD5607DAA3D704 /* [CP] Check Pods Manifest.lock */,
				BD4A0B17281B12950020BE66 /* Sources */,
				BD4A0B18281B12950020BE66 /* Frameworks */,
				BD4A0B19281B12950020BE66 /* Resources */,
				8CBEB01231E8A4841D3B6504 /* [CP] Embed Pods Frameworks */,
			);
			buildRules = (
			);
			dependencies = (
				BD4A0B1D281B12950020BE66 /* PBXTargetDependency */,
			);
			name = ExamenJDUITests;
			productName = ExamenJDUITests;
			productReference = BD4A0B1B281B12950020BE66 /* ExamenJDUITests.xctest */;
			productType = "com.apple.product-type.bundle.ui-testing";
		};
/* End PBXNativeTarget section */

/* Begin PBXProject section */
		BD4A0AF3281B12910020BE66 /* Project object */ = {
			isa = PBXProject;
			attributes = {
				BuildIndependentTargetsInParallel = 1;
				LastSwiftUpdateCheck = 1330;
				LastUpgradeCheck = 1330;
				TargetAttributes = {
					BD4A0AFA281B12920020BE66 = {
						CreatedOnToolsVersion = 13.3.1;
					};
					BD4A0B10281B12950020BE66 = {
						CreatedOnToolsVersion = 13.3.1;
						TestTargetID = BD4A0AFA281B12920020BE66;
					};
					BD4A0B1A281B12950020BE66 = {
						CreatedOnToolsVersion = 13.3.1;
						TestTargetID = BD4A0AFA281B12920020BE66;
					};
				};
			};
			buildConfigurationList = BD4A0AF6281B12910020BE66 /* Build configuration list for PBXProject "ExamenJD" */;
			compatibilityVersion = "Xcode 13.0";
			developmentRegion = en;
			hasScannedForEncodings = 0;
			knownRegions = (
				en,
				Base,
			);
			mainGroup = BD4A0AF2281B12910020BE66;
			productRefGroup = BD4A0AFC281B12920020BE66 /* Products */;
			projectDirPath = "";
			projectRoot = "";
			targets = (
				BD4A0AFA281B12920020BE66 /* ExamenJD */,
				BD4A0B10281B12950020BE66 /* ExamenJDTests */,
				BD4A0B1A281B12950020BE66 /* ExamenJDUITests */,
			);
		};
/* End PBXProject section */

/* Begin PBXResourcesBuildPhase section */
		BD4A0AF9281B12920020BE66 /* Resources */ = {
			isa = PBXResourcesBuildPhase;
			buildActionMask = 2147483647;
			files = (
				BD4A0B0B281B12950020BE66 /* LaunchScreen.storyboard in Resources */,
				BD4A0B08281B12950020BE66 /* Assets.xcassets in Resources */,
				BD4A0B06281B12920020BE66 /* Main.storyboard in Resources */,
				BD30E382281C94890068BA4A /* GraphicTableViewCell.xib in Resources */,
				BD4A0B31281B18E00020BE66 /* Home.storyboard in Resources */,
			);
			runOnlyForDeploymentPostprocessing = 0;
		};
		BD4A0B0F281B12950020BE66 /* Resources */ = {
			isa = PBXResourcesBuildPhase;
			buildActionMask = 2147483647;
			files = (
			);
			runOnlyForDeploymentPostprocessing = 0;
		};
		BD4A0B19281B12950020BE66 /* Resources */ = {
			isa = PBXResourcesBuildPhase;
			buildActionMask = 2147483647;
			files = (
			);
			runOnlyForDeploymentPostprocessing = 0;
		};
/* End PBXResourcesBuildPhase section */

/* Begin PBXShellScriptBuildPhase section */
		23E2E0979F11496A59DA3984 /* [CP] Check Pods Manifest.lock */ = {
			isa = PBXShellScriptBuildPhase;
			buildActionMask = 2147483647;
			files = (
			);
			inputFileListPaths = (
			);
			inputPaths = (
				"${PODS_PODFILE_DIR_PATH}/Podfile.lock",
				"${PODS_ROOT}/Manifest.lock",
			);
			name = "[CP] Check Pods Manifest.lock";
			outputFileListPaths = (
			);
			outputPaths = (
				"$(DERIVED_FILE_DIR)/Pods-ExamenJD-checkManifestLockResult.txt",
			);
			runOnlyForDeploymentPostprocessing = 0;
			shellPath = /bin/sh;
			shellScript = "diff \"${PODS_PODFILE_DIR_PATH}/Podfile.lock\" \"${PODS_ROOT}/Manifest.lock\" > /dev/null\nif [ $? != 0 ] ; then\n    # print error to STDERR\n    echo \"error: The sandbox is not in sync with the Podfile.lock. Run 'pod install' or update your CocoaPods installation.\" >&2\n    exit 1\nfi\n# This output is used by Xcode 'outputs' to avoid re-running this script phase.\necho \"SUCCESS\" > \"${SCRIPT_OUTPUT_FILE_0}\"\n";
			showEnvVarsInLog = 0;
		};
		29C794F20EBD5607DAA3D704 /* [CP] Check Pods Manifest.lock */ = {
			isa = PBXShellScriptBuildPhase;
			buildActionMask = 2147483647;
			files = (
			);
			inputFileListPaths = (
			);
			inputPaths = (
				"${PODS_PODFILE_DIR_PATH}/Podfile.lock",
				"${PODS_ROOT}/Manifest.lock",
			);
			name = "[CP] Check Pods Manifest.lock";
			outputFileListPaths = (
			);
			outputPaths = (
				"$(DERIVED_FILE_DIR)/Pods-ExamenJD-ExamenJDUITests-checkManifestLockResult.txt",
			);
			runOnlyForDeploymentPostprocessing = 0;
			shellPath = /bin/sh;
			shellScript = "diff \"${PODS_PODFILE_DIR_PATH}/Podfile.lock\" \"${PODS_ROOT}/Manifest.lock\" > /dev/null\nif [ $? != 0 ] ; then\n    # print error to STDERR\n    echo \"error: The sandbox is not in sync with the Podfile.lock. Run 'pod install' or update your CocoaPods installation.\" >&2\n    exit 1\nfi\n# This output is used by Xcode 'outputs' to avoid re-running this script phase.\necho \"SUCCESS\" > \"${SCRIPT_OUTPUT_FILE_0}\"\n";
			showEnvVarsInLog = 0;
		};
		8237011EDCE0783C4F400D7B /* [CP] Embed Pods Frameworks */ = {
			isa = PBXShellScriptBuildPhase;
			buildActionMask = 2147483647;
			files = (
			);
			inputFileListPaths = (
				"${PODS_ROOT}/Target Support Files/Pods-ExamenJD/Pods-ExamenJD-frameworks-${CONFIGURATION}-input-files.xcfilelist",
			);
			name = "[CP] Embed Pods Frameworks";
			outputFileListPaths = (
				"${PODS_ROOT}/Target Support Files/Pods-ExamenJD/Pods-ExamenJD-frameworks-${CONFIGURATION}-output-files.xcfilelist",
			);
			runOnlyForDeploymentPostprocessing = 0;
			shellPath = /bin/sh;
			shellScript = "\"${PODS_ROOT}/Target Support Files/Pods-ExamenJD/Pods-ExamenJD-frameworks.sh\"\n";
			showEnvVarsInLog = 0;
		};
		8CBEB01231E8A4841D3B6504 /* [CP] Embed Pods Frameworks */ = {
			isa = PBXShellScriptBuildPhase;
			buildActionMask = 2147483647;
			files = (
			);
			inputFileListPaths = (
				"${PODS_ROOT}/Target Support Files/Pods-ExamenJD-ExamenJDUITests/Pods-ExamenJD-ExamenJDUITests-frameworks-${CONFIGURATION}-input-files.xcfilelist",
			);
			name = "[CP] Embed Pods Frameworks";
			outputFileListPaths = (
				"${PODS_ROOT}/Target Support Files/Pods-ExamenJD-ExamenJDUITests/Pods-ExamenJD-ExamenJDUITests-frameworks-${CONFIGURATION}-output-files.xcfilelist",
			);
			runOnlyForDeploymentPostprocessing = 0;
			shellPath = /bin/sh;
			shellScript = "\"${PODS_ROOT}/Target Support Files/Pods-ExamenJD-ExamenJDUITests/Pods-ExamenJD-ExamenJDUITests-frameworks.sh\"\n";
			showEnvVarsInLog = 0;
		};
		C07538C3D3F3C35A1C0B7C02 /* [CP] Check Pods Manifest.lock */ = {
			isa = PBXShellScriptBuildPhase;
			buildActionMask = 2147483647;
			files = (
			);
			inputFileListPaths = (
			);
			inputPaths = (
				"${PODS_PODFILE_DIR_PATH}/Podfile.lock",
				"${PODS_ROOT}/Manifest.lock",
			);
			name = "[CP] Check Pods Manifest.lock";
			outputFileListPaths = (
			);
			outputPaths = (
				"$(DERIVED_FILE_DIR)/Pods-ExamenJDTests-checkManifestLockResult.txt",
			);
			runOnlyForDeploymentPostprocessing = 0;
			shellPath = /bin/sh;
			shellScript = "diff \"${PODS_PODFILE_DIR_PATH}/Podfile.lock\" \"${PODS_ROOT}/Manifest.lock\" > /dev/null\nif [ $? != 0 ] ; then\n    # print error to STDERR\n    echo \"error: The sandbox is not in sync with the Podfile.lock. Run 'pod install' or update your CocoaPods installation.\" >&2\n    exit 1\nfi\n# This output is used by Xcode 'outputs' to avoid re-running this script phase.\necho \"SUCCESS\" > \"${SCRIPT_OUTPUT_FILE_0}\"\n";
			showEnvVarsInLog = 0;
		};
/* End PBXShellScriptBuildPhase section */

/* Begin PBXSourcesBuildPhase section */
		BD4A0AF7281B12920020BE66 /* Sources */ = {
			isa = PBXSourcesBuildPhase;
			buildActionMask = 2147483647;
			files = (
				BD30E381281C94890068BA4A /* GraphicTableViewCell.swift in Sources */,
				BD49AEED281C635D00C74CBE /* UserData.swift in Sources */,
				BD4A0B4B281C51490020BE66 /* SettingInputTableViewCell.swift in Sources */,
				BD4A0B33281B19160020BE66 /* HomeViewController.swift in Sources */,
				BD4A0B3F281B2CEC0020BE66 /* MenuOptions.swift in Sources */,
				BD49AEEB281C60BF00C74CBE /* Protocols.swift in Sources */,
				BD4A0B2F281B187A0020BE66 /* AppStoryboard.swift in Sources */,
				BD4A0B44281B3B7B0020BE66 /* SettingTableViewCell.swift in Sources */,
				BD4A0B3D281B2C260020BE66 /* HomeBR.swift in Sources */,
				BD4A0B03281B12920020BE66 /* ViewController.swift in Sources */,
				BD4A0B46281C41BF0020BE66 /* SettingSwitchTableViewCell.swift in Sources */,
				BD4A0AFF281B12920020BE66 /* AppDelegate.swift in Sources */,
				BD4A0B41281B2FCD0020BE66 /* Enums.swift in Sources */,
				BD4A0B01281B12920020BE66 /* SceneDelegate.swift in Sources */,
				BD30E37D281C8A6D0068BA4A /* PhotoViewController.swift in Sources */,
				BD49AEF0281C7AA700C74CBE /* Extensions.swift in Sources */,
				BD30E37B281C82300068BA4A /* GraphicsViewController.swift in Sources */,
			);
			runOnlyForDeploymentPostprocessing = 0;
		};
		BD4A0B0D281B12950020BE66 /* Sources */ = {
			isa = PBXSourcesBuildPhase;
			buildActionMask = 2147483647;
			files = (
				BD4A0B16281B12950020BE66 /* ExamenJDTests.swift in Sources */,
			);
			runOnlyForDeploymentPostprocessing = 0;
		};
		BD4A0B17281B12950020BE66 /* Sources */ = {
			isa = PBXSourcesBuildPhase;
			buildActionMask = 2147483647;
			files = (
				BD4A0B22281B12950020BE66 /* ExamenJDUITestsLaunchTests.swift in Sources */,
				BD4A0B20281B12950020BE66 /* ExamenJDUITests.swift in Sources */,
			);
			runOnlyForDeploymentPostprocessing = 0;
		};
/* End PBXSourcesBuildPhase section */

/* Begin PBXTargetDependency section */
		BD4A0B13281B12950020BE66 /* PBXTargetDependency */ = {
			isa = PBXTargetDependency;
			target = BD4A0AFA281B12920020BE66 /* ExamenJD */;
			targetProxy = BD4A0B12281B12950020BE66 /* PBXContainerItemProxy */;
		};
		BD4A0B1D281B12950020BE66 /* PBXTargetDependency */ = {
			isa = PBXTargetDependency;
			target = BD4A0AFA281B12920020BE66 /* ExamenJD */;
			targetProxy = BD4A0B1C281B12950020BE66 /* PBXContainerItemProxy */;
		};
/* End PBXTargetDependency section */

/* Begin PBXVariantGroup section */
		BD4A0B04281B12920020BE66 /* Main.storyboard */ = {
			isa = PBXVariantGroup;
			children = (
				BD4A0B05281B12920020BE66 /* Base */,
			);
			name = Main.storyboard;
			sourceTree = "<group>";
		};
		BD4A0B09281B12950020BE66 /* LaunchScreen.storyboard */ = {
			isa = PBXVariantGroup;
			children = (
				BD4A0B0A281B12950020BE66 /* Base */,
			);
			name = LaunchScreen.storyboard;
			sourceTree = "<group>";
		};
/* End PBXVariantGroup section */

/* Begin XCBuildConfiguration section */
		BD4A0B23281B12950020BE66 /* Debug */ = {
			isa = XCBuildConfiguration;
			buildSettings = {
				ALWAYS_SEARCH_USER_PATHS = NO;
				CLANG_ANALYZER_NONNULL = YES;
				CLANG_ANALYZER_NUMBER_OBJECT_CONVERSION = YES_AGGRESSIVE;
				CLANG_CXX_LANGUAGE_STANDARD = "gnu++17";
				CLANG_ENABLE_MODULES = YES;
				CLANG_ENABLE_OBJC_ARC = YES;
				CLANG_ENABLE_OBJC_WEAK = YES;
				CLANG_WARN_BLOCK_CAPTURE_AUTORELEASING = YES;
				CLANG_WARN_BOOL_CONVERSION = YES;
				CLANG_WARN_COMMA = YES;
				CLANG_WARN_CONSTANT_CONVERSION = YES;
				CLANG_WARN_DEPRECATED_OBJC_IMPLEMENTATIONS = YES;
				CLANG_WARN_DIRECT_OBJC_ISA_USAGE = YES_ERROR;
				CLANG_WARN_DOCUMENTATION_COMMENTS = YES;
				CLANG_WARN_EMPTY_BODY = YES;
				CLANG_WARN_ENUM_CONVERSION = YES;
				CLANG_WARN_INFINITE_RECURSION = YES;
				CLANG_WARN_INT_CONVERSION = YES;
				CLANG_WARN_NON_LITERAL_NULL_CONVERSION = YES;
				CLANG_WARN_OBJC_IMPLICIT_RETAIN_SELF = YES;
				CLANG_WARN_OBJC_LITERAL_CONVERSION = YES;
				CLANG_WARN_OBJC_ROOT_CLASS = YES_ERROR;
				CLANG_WARN_QUOTED_INCLUDE_IN_FRAMEWORK_HEADER = YES;
				CLANG_WARN_RANGE_LOOP_ANALYSIS = YES;
				CLANG_WARN_STRICT_PROTOTYPES = YES;
				CLANG_WARN_SUSPICIOUS_MOVE = YES;
				CLANG_WARN_UNGUARDED_AVAILABILITY = YES_AGGRESSIVE;
				CLANG_WARN_UNREACHABLE_CODE = YES;
				CLANG_WARN__DUPLICATE_METHOD_MATCH = YES;
				COPY_PHASE_STRIP = NO;
				DEBUG_INFORMATION_FORMAT = dwarf;
				ENABLE_STRICT_OBJC_MSGSEND = YES;
				ENABLE_TESTABILITY = YES;
				GCC_C_LANGUAGE_STANDARD = gnu11;
				GCC_DYNAMIC_NO_PIC = NO;
				GCC_NO_COMMON_BLOCKS = YES;
				GCC_OPTIMIZATION_LEVEL = 0;
				GCC_PREPROCESSOR_DEFINITIONS = (
					"DEBUG=1",
					"$(inherited)",
				);
				GCC_WARN_64_TO_32_BIT_CONVERSION = YES;
				GCC_WARN_ABOUT_RETURN_TYPE = YES_ERROR;
				GCC_WARN_UNDECLARED_SELECTOR = YES;
				GCC_WARN_UNINITIALIZED_AUTOS = YES_AGGRESSIVE;
				GCC_WARN_UNUSED_FUNCTION = YES;
				GCC_WARN_UNUSED_VARIABLE = YES;
				IPHONEOS_DEPLOYMENT_TARGET = 13.0;
				MTL_ENABLE_DEBUG_INFO = INCLUDE_SOURCE;
				MTL_FAST_MATH = YES;
				ONLY_ACTIVE_ARCH = YES;
				SDKROOT = iphoneos;
				SWIFT_ACTIVE_COMPILATION_CONDITIONS = DEBUG;
				SWIFT_OPTIMIZATION_LEVEL = "-Onone";
			};
			name = Debug;
		};
		BD4A0B24281B12950020BE66 /* Release */ = {
			isa = XCBuildConfiguration;
			buildSettings = {
				ALWAYS_SEARCH_USER_PATHS = NO;
				CLANG_ANALYZER_NONNULL = YES;
				CLANG_ANALYZER_NUMBER_OBJECT_CONVERSION = YES_AGGRESSIVE;
				CLANG_CXX_LANGUAGE_STANDARD = "gnu++17";
				CLANG_ENABLE_MODULES = YES;
				CLANG_ENABLE_OBJC_ARC = YES;
				CLANG_ENABLE_OBJC_WEAK = YES;
				CLANG_WARN_BLOCK_CAPTURE_AUTORELEASING = YES;
				CLANG_WARN_BOOL_CONVERSION = YES;
				CLANG_WARN_COMMA = YES;
				CLANG_WARN_CONSTANT_CONVERSION = YES;
				CLANG_WARN_DEPRECATED_OBJC_IMPLEMENTATIONS = YES;
				CLANG_WARN_DIRECT_OBJC_ISA_USAGE = YES_ERROR;
				CLANG_WARN_DOCUMENTATION_COMMENTS = YES;
				CLANG_WARN_EMPTY_BODY = YES;
				CLANG_WARN_ENUM_CONVERSION = YES;
				CLANG_WARN_INFINITE_RECURSION = YES;
				CLANG_WARN_INT_CONVERSION = YES;
				CLANG_WARN_NON_LITERAL_NULL_CONVERSION = YES;
				CLANG_WARN_OBJC_IMPLICIT_RETAIN_SELF = YES;
				CLANG_WARN_OBJC_LITERAL_CONVERSION = YES;
				CLANG_WARN_OBJC_ROOT_CLASS = YES_ERROR;
				CLANG_WARN_QUOTED_INCLUDE_IN_FRAMEWORK_HEADER = YES;
				CLANG_WARN_RANGE_LOOP_ANALYSIS = YES;
				CLANG_WARN_STRICT_PROTOTYPES = YES;
				CLANG_WARN_SUSPICIOUS_MOVE = YES;
				CLANG_WARN_UNGUARDED_AVAILABILITY = YES_AGGRESSIVE;
				CLANG_WARN_UNREACHABLE_CODE = YES;
				CLANG_WARN__DUPLICATE_METHOD_MATCH = YES;
				COPY_PHASE_STRIP = NO;
				DEBUG_INFORMATION_FORMAT = "dwarf-with-dsym";
				ENABLE_NS_ASSERTIONS = NO;
				ENABLE_STRICT_OBJC_MSGSEND = YES;
				GCC_C_LANGUAGE_STANDARD = gnu11;
				GCC_NO_COMMON_BLOCKS = YES;
				GCC_WARN_64_TO_32_BIT_CONVERSION = YES;
				GCC_WARN_ABOUT_RETURN_TYPE = YES_ERROR;
				GCC_WARN_UNDECLARED_SELECTOR = YES;
				GCC_WARN_UNINITIALIZED_AUTOS = YES_AGGRESSIVE;
				GCC_WARN_UNUSED_FUNCTION = YES;
				GCC_WARN_UNUSED_VARIABLE = YES;
				IPHONEOS_DEPLOYMENT_TARGET = 13.0;
				MTL_ENABLE_DEBUG_INFO = NO;
				MTL_FAST_MATH = YES;
				SDKROOT = iphoneos;
				SWIFT_COMPILATION_MODE = wholemodule;
				SWIFT_OPTIMIZATION_LEVEL = "-O";
				VALIDATE_PRODUCT = YES;
			};
			name = Release;
		};
		BD4A0B26281B12950020BE66 /* Debug */ = {
			isa = XCBuildConfiguration;
			baseConfigurationReference = A09A8DBCCC730EC961CBC8ED /* Pods-ExamenJD.debug.xcconfig */;
			buildSettings = {
				ASSETCATALOG_COMPILER_APPICON_NAME = AppIcon;
				ASSETCATALOG_COMPILER_GLOBAL_ACCENT_COLOR_NAME = AccentColor;
				CODE_SIGN_STYLE = Automatic;
				CURRENT_PROJECT_VERSION = 1;
				DEVELOPMENT_TEAM = GZR6B2TY6C;
				GENERATE_INFOPLIST_FILE = YES;
				INFOPLIST_FILE = ExamenJD/Info.plist;
				INFOPLIST_KEY_UIApplicationSupportsIndirectInputEvents = YES;
				INFOPLIST_KEY_UILaunchStoryboardName = LaunchScreen;
				INFOPLIST_KEY_UIMainStoryboardFile = Main;
				INFOPLIST_KEY_UISupportedInterfaceOrientations_iPad = "UIInterfaceOrientationPortrait UIInterfaceOrientationPortraitUpsideDown UIInterfaceOrientationLandscapeLeft UIInterfaceOrientationLandscapeRight";
				INFOPLIST_KEY_UISupportedInterfaceOrientations_iPhone = "UIInterfaceOrientationPortrait UIInterfaceOrientationLandscapeLeft UIInterfaceOrientationLandscapeRight";
				LD_RUNPATH_SEARCH_PATHS = (
					"$(inherited)",
					"@executable_path/Frameworks",
				);
				MARKETING_VERSION = 1.0;
				PRODUCT_BUNDLE_IDENTIFIER = jacobo.diaz.com.ExamenJD;
				PRODUCT_NAME = "$(TARGET_NAME)";
				SWIFT_EMIT_LOC_STRINGS = YES;
				SWIFT_VERSION = 5.0;
				TARGETED_DEVICE_FAMILY = "1,2";
			};
			name = Debug;
		};
		BD4A0B27281B12950020BE66 /* Release */ = {
			isa = XCBuildConfiguration;
			baseConfigurationReference = 5BDAC499DF66AF14CD5E26F1 /* Pods-ExamenJD.release.xcconfig */;
			buildSettings = {
				ASSETCATALOG_COMPILER_APPICON_NAME = AppIcon;
				ASSETCATALOG_COMPILER_GLOBAL_ACCENT_COLOR_NAME = AccentColor;
				CODE_SIGN_STYLE = Automatic;
				CURRENT_PROJECT_VERSION = 1;
				DEVELOPMENT_TEAM = GZR6B2TY6C;
				GENERATE_INFOPLIST_FILE = YES;
				INFOPLIST_FILE = ExamenJD/Info.plist;
				INFOPLIST_KEY_UIApplicationSupportsIndirectInputEvents = YES;
				INFOPLIST_KEY_UILaunchStoryboardName = LaunchScreen;
				INFOPLIST_KEY_UIMainStoryboardFile = Main;
				INFOPLIST_KEY_UISupportedInterfaceOrientations_iPad = "UIInterfaceOrientationPortrait UIInterfaceOrientationPortraitUpsideDown UIInterfaceOrientationLandscapeLeft UIInterfaceOrientationLandscapeRight";
				INFOPLIST_KEY_UISupportedInterfaceOrientations_iPhone = "UIInterfaceOrientationPortrait UIInterfaceOrientationLandscapeLeft UIInterfaceOrientationLandscapeRight";
				LD_RUNPATH_SEARCH_PATHS = (
					"$(inherited)",
					"@executable_path/Frameworks",
				);
				MARKETING_VERSION = 1.0;
				PRODUCT_BUNDLE_IDENTIFIER = jacobo.diaz.com.ExamenJD;
				PRODUCT_NAME = "$(TARGET_NAME)";
				SWIFT_EMIT_LOC_STRINGS = YES;
				SWIFT_VERSION = 5.0;
				TARGETED_DEVICE_FAMILY = "1,2";
			};
			name = Release;
		};
		BD4A0B29281B12950020BE66 /* Debug */ = {
			isa = XCBuildConfiguration;
			baseConfigurationReference = D980874FFA4DC3DCFF721970 /* Pods-ExamenJDTests.debug.xcconfig */;
			buildSettings = {
				ALWAYS_EMBED_SWIFT_STANDARD_LIBRARIES = YES;
				BUNDLE_LOADER = "$(TEST_HOST)";
				CODE_SIGN_STYLE = Automatic;
				CURRENT_PROJECT_VERSION = 1;
				DEVELOPMENT_TEAM = GZR6B2TY6C;
				GENERATE_INFOPLIST_FILE = YES;
				IPHONEOS_DEPLOYMENT_TARGET = 15.4;
				MARKETING_VERSION = 1.0;
				PRODUCT_BUNDLE_IDENTIFIER = jacobo.diaz.com.ExamenJDTests;
				PRODUCT_NAME = "$(TARGET_NAME)";
				SWIFT_EMIT_LOC_STRINGS = NO;
				SWIFT_VERSION = 5.0;
				TARGETED_DEVICE_FAMILY = "1,2";
				TEST_HOST = "$(BUILT_PRODUCTS_DIR)/ExamenJD.app/ExamenJD";
			};
			name = Debug;
		};
		BD4A0B2A281B12950020BE66 /* Release */ = {
			isa = XCBuildConfiguration;
			baseConfigurationReference = A7B87E80780FCF7ADACF2035 /* Pods-ExamenJDTests.release.xcconfig */;
			buildSettings = {
				ALWAYS_EMBED_SWIFT_STANDARD_LIBRARIES = YES;
				BUNDLE_LOADER = "$(TEST_HOST)";
				CODE_SIGN_STYLE = Automatic;
				CURRENT_PROJECT_VERSION = 1;
				DEVELOPMENT_TEAM = GZR6B2TY6C;
				GENERATE_INFOPLIST_FILE = YES;
				IPHONEOS_DEPLOYMENT_TARGET = 15.4;
				MARKETING_VERSION = 1.0;
				PRODUCT_BUNDLE_IDENTIFIER = jacobo.diaz.com.ExamenJDTests;
				PRODUCT_NAME = "$(TARGET_NAME)";
				SWIFT_EMIT_LOC_STRINGS = NO;
				SWIFT_VERSION = 5.0;
				TARGETED_DEVICE_FAMILY = "1,2";
				TEST_HOST = "$(BUILT_PRODUCTS_DIR)/ExamenJD.app/ExamenJD";
			};
			name = Release;
		};
		BD4A0B2C281B12950020BE66 /* Debug */ = {
			isa = XCBuildConfiguration;
			baseConfigurationReference = 3E0FD24E9C4AD01B78023E8B /* Pods-ExamenJD-ExamenJDUITests.debug.xcconfig */;
			buildSettings = {
				ALWAYS_EMBED_SWIFT_STANDARD_LIBRARIES = YES;
				CODE_SIGN_STYLE = Automatic;
				CURRENT_PROJECT_VERSION = 1;
				DEVELOPMENT_TEAM = GZR6B2TY6C;
				GENERATE_INFOPLIST_FILE = YES;
				MARKETING_VERSION = 1.0;
				PRODUCT_BUNDLE_IDENTIFIER = jacobo.diaz.com.ExamenJDUITests;
				PRODUCT_NAME = "$(TARGET_NAME)";
				SWIFT_EMIT_LOC_STRINGS = NO;
				SWIFT_VERSION = 5.0;
				TARGETED_DEVICE_FAMILY = "1,2";
				TEST_TARGET_NAME = ExamenJD;
			};
			name = Debug;
		};
		BD4A0B2D281B12950020BE66 /* Release */ = {
			isa = XCBuildConfiguration;
			baseConfigurationReference = 1A03310AD3079648F5AF3D53 /* Pods-ExamenJD-ExamenJDUITests.release.xcconfig */;
			buildSettings = {
				ALWAYS_EMBED_SWIFT_STANDARD_LIBRARIES = YES;
				CODE_SIGN_STYLE = Automatic;
				CURRENT_PROJECT_VERSION = 1;
				DEVELOPMENT_TEAM = GZR6B2TY6C;
				GENERATE_INFOPLIST_FILE = YES;
				MARKETING_VERSION = 1.0;
				PRODUCT_BUNDLE_IDENTIFIER = jacobo.diaz.com.ExamenJDUITests;
				PRODUCT_NAME = "$(TARGET_NAME)";
				SWIFT_EMIT_LOC_STRINGS = NO;
				SWIFT_VERSION = 5.0;
				TARGETED_DEVICE_FAMILY = "1,2";
				TEST_TARGET_NAME = ExamenJD;
			};
			name = Release;
		};
/* End XCBuildConfiguration section */

/* Begin XCConfigurationList section */
		BD4A0AF6281B12910020BE66 /* Build configuration list for PBXProject "ExamenJD" */ = {
			isa = XCConfigurationList;
			buildConfigurations = (
				BD4A0B23281B12950020BE66 /* Debug */,
				BD4A0B24281B12950020BE66 /* Release */,
			);
			defaultConfigurationIsVisible = 0;
			defaultConfigurationName = Release;
		};
		BD4A0B25281B12950020BE66 /* Build configuration list for PBXNativeTarget "ExamenJD" */ = {
			isa = XCConfigurationList;
			buildConfigurations = (
				BD4A0B26281B12950020BE66 /* Debug */,
				BD4A0B27281B12950020BE66 /* Release */,
			);
			defaultConfigurationIsVisible = 0;
			defaultConfigurationName = Release;
		};
		BD4A0B28281B12950020BE66 /* Build configuration list for PBXNativeTarget "ExamenJDTests" */ = {
			isa = XCConfigurationList;
			buildConfigurations = (
				BD4A0B29281B12950020BE66 /* Debug */,
				BD4A0B2A281B12950020BE66 /* Release */,
			);
			defaultConfigurationIsVisible = 0;
			defaultConfigurationName = Release;
		};
		BD4A0B2B281B12950020BE66 /* Build configuration list for PBXNativeTarget "ExamenJDUITests" */ = {
			isa = XCConfigurationList;
			buildConfigurations = (
				BD4A0B2C281B12950020BE66 /* Debug */,
				BD4A0B2D281B12950020BE66 /* Release */,
			);
			defaultConfigurationIsVisible = 0;
			defaultConfigurationName = Release;
		};
/* End XCConfigurationList section */
	};
	rootObject = BD4A0AF3281B12910020BE66 /* Project object */;
}
